{
  "name": "fx-wasm-sdk-node-tests",
  "lockfileVersion": 3,
  "requires": true,
  "packages": {
    "": {
      "name": "fx-wasm-sdk-node-tests",
      "devDependencies": {
        "@xterm/headless": "6.0.0",
        "typescript": "5.9.3"
      }
    },
    "node_modules/@xterm/headless": {
      "version": "6.0.0",
      "integrity": "sha512-5Yj1QINYCyzrZtf8OFIHi47iQtI+0qYFPHmouEfG8dHNxbZ9Tb9YGSuLcsEwj9Z+OL75GJqPyJbyoFer80a2Hw==",
      "dev": true,
      "license": "MIT",
      "workspaces": [
        "addons/*"
      ]
    },
    "node_modules/typescript": {
      "version": "5.9.3",
      "integrity": "sha512-jl1vZzPDinLr9eUt3J/t7V6FgNEw9QjvBPdysz9KfQDD41fQrC2Y4vKQdiaUpFT4bXlb1RHhLpp8wtm6M5TgSw==",
      "dev": true,
      "license": "Apache-2.0",
      "bin": {
        "tsc": "bin/tsc",
        "tsserver": "bin/tsserver"
      },
      "engines": {
        "node": ">=14.17"
      }
    }
  }
}
